
Microsoft Visual Studio Solution File, Format Version 12.00
# Visual Studio Version 17
VisualStudioVersion = 17.2.32630.192
MinimumVisualStudioVersion = 10.0.40219.1
Project("{FAE04EC0-301F-11D3-BF4B-00C04F79EFBC}") = "EmployeeSystemUsingStruct", "EmployeeSystemUsingStruct.csproj", "{249925E8-5833-4FFF-A515-1DB5CDAF2D96}"
EndProject
Global
	GlobalSection(SolutionConfigurationPlatforms) = preSolution
		Debug|Any CPU = Debug|Any CPU
		Release|Any CPU = Release|Any CPU
	EndGlobalSection
	GlobalSection(ProjectConfigurationPlatforms) = postSolution
		{249925E8-5833-4FFF-A515-1DB5CDAF2D96}.Debug|Any CPU.ActiveCfg = Debug|Any CPU
		{249925E8-5833-4FFF-A515-1DB5CDAF2D96}.Debug|Any CPU.Build.0 = Debug|Any CPU
		{249925E8-5833-4FFF-A515-1DB5CDAF2D96}.Release|Any CPU.ActiveCfg = Release|Any CPU
		{249925E8-5833-4FFF-A515-1DB5CDAF2D96}.Release|Any CPU.Build.0 = Release|Any CPU
	EndGlobalSection
	GlobalSection(SolutionProperties) = preSolution
		HideSolutionNode = FALSE
	EndGlobalSection
	GlobalSection(ExtensibilityGlobals) = postSolution
		SolutionGuid = {0CE82CB6-0E29-46F9-984A-9D8BB4118131}
	EndGlobalSection
EndGlobal
